
Microsoft Visual Studio Solution File, Format Version 12.00
# Visual Studio 15
VisualStudioVersion = 15.0.28307.1525
MinimumVisualStudioVersion = 10.0.40219.1
Project("{FAE04EC0-301F-11D3-BF4B-00C04F79EFBC}") = "WindowsFormsApp1", "WindowsFormsApp1\WindowsFormsApp1.csproj", "{32DB938E-BA98-45CD-A729-DC865D3EB1FF}"
EndProject
Global
	GlobalSection(SolutionConfigurationPlatforms) = preSolution
		Debug|Any CPU = Debug|Any CPU
		Release|Any CPU = Release|Any CPU
	EndGlobalSection
	GlobalSection(ProjectConfigurationPlatforms) = postSolution
		{32DB938E-BA98-45CD-A729-DC865D3EB1FF}.Debug|Any CPU.ActiveCfg = Debug|Any CPU
		{32DB938E-BA98-45CD-A729-DC865D3EB1FF}.Debug|Any CPU.Build.0 = Debug|Any CPU
		{32DB938E-BA98-45CD-A729-DC865D3EB1FF}.Release|Any CPU.ActiveCfg = Release|Any CPU
		{32DB938E-BA98-45CD-A729-DC865D3EB1FF}.Release|Any CPU.Build.0 = Release|Any CPU
	EndGlobalSection
	GlobalSection(SolutionProperties) = preSolution
		HideSolutionNode = FALSE
	EndGlobalSection
	GlobalSection(ExtensibilityGlobals) = postSolution
		SolutionGuid = {600BE4D2-337F-48E7-9271-52C57A013F04}
	EndGlobalSection
EndGlobal
